
Microsoft Visual Studio Solution File, Format Version 12.00
# Visual Studio Version 17
VisualStudioVersion = 17.5.33516.290
MinimumVisualStudioVersion = 10.0.40219.1
Project("{FAE04EC0-301F-11D3-BF4B-00C04F79EFBC}") = "ShoppingCart_6", "ShoppingCart_6\ShoppingCart_6.csproj", "{D430E395-839A-462C-80B8-599B46531726}"
EndProject
Global
	GlobalSection(SolutionConfigurationPlatforms) = preSolution
		Debug|Any CPU = Debug|Any CPU
		Release|Any CPU = Release|Any CPU
	EndGlobalSection
	GlobalSection(ProjectConfigurationPlatforms) = postSolution
		{D430E395-839A-462C-80B8-599B46531726}.Debug|Any CPU.ActiveCfg = Debug|Any CPU
		{D430E395-839A-462C-80B8-599B46531726}.Debug|Any CPU.Build.0 = Debug|Any CPU
		{D430E395-839A-462C-80B8-599B46531726}.Release|Any CPU.ActiveCfg = Release|Any CPU
		{D430E395-839A-462C-80B8-599B46531726}.Release|Any CPU.Build.0 = Release|Any CPU
	EndGlobalSection
	GlobalSection(SolutionProperties) = preSolution
		HideSolutionNode = FALSE
	EndGlobalSection
	GlobalSection(ExtensibilityGlobals) = postSolution
		SolutionGuid = {A27434C2-8743-47BD-AAD6-F810C3A02166}
	EndGlobalSection
EndGlobal
